
Microsoft Visual Studio Solution File, Format Version 12.00
# Visual Studio Version 17
VisualStudioVersion = 17.11.35219.272
MinimumVisualStudioVersion = 10.0.40219.1
Project("{FAE04EC0-301F-11D3-BF4B-00C04F79EFBC}") = "TaskHive_ProjectService", "TaskHive_ProjectService\TaskHive_ProjectService.csproj", "{20A0D3CA-C11B-47BB-A00C-74FD8E4770C9}"
EndProject
Global
	GlobalSection(SolutionConfigurationPlatforms) = preSolution
		Debug|Any CPU = Debug|Any CPU
		Release|Any CPU = Release|Any CPU
	EndGlobalSection
	GlobalSection(ProjectConfigurationPlatforms) = postSolution
		{20A0D3CA-C11B-47BB-A00C-74FD8E4770C9}.Debug|Any CPU.ActiveCfg = Debug|Any CPU
		{20A0D3CA-C11B-47BB-A00C-74FD8E4770C9}.Debug|Any CPU.Build.0 = Debug|Any CPU
		{20A0D3CA-C11B-47BB-A00C-74FD8E4770C9}.Release|Any CPU.ActiveCfg = Release|Any CPU
		{20A0D3CA-C11B-47BB-A00C-74FD8E4770C9}.Release|Any CPU.Build.0 = Release|Any CPU
	EndGlobalSection
	GlobalSection(SolutionProperties) = preSolution
		HideSolutionNode = FALSE
	EndGlobalSection
	GlobalSection(ExtensibilityGlobals) = postSolution
		SolutionGuid = {2401D830-D09D-413F-8C1B-453CB2FA708C}
	EndGlobalSection
EndGlobal
